
Microsoft Visual Studio Solution File, Format Version 12.00
# Visual Studio Version 17
VisualStudioVersion = 17.8.34511.84
MinimumVisualStudioVersion = 10.0.40219.1
Project("{9A19103F-16F7-4668-BE54-9A1E7A4F7556}") = "CIS.Application", "CIS.Application\CIS.Application.csproj", "{0B5B9AB0-8ADA-4522-8B65-4EB4C44BF707}"
EndProject
Project("{9A19103F-16F7-4668-BE54-9A1E7A4F7556}") = "CIS.WebApp", "CIS.WebApp\CIS.WebApp.csproj", "{5768D037-EE1E-482C-96E9-985A8AE9F6E4}"
EndProject
Project("{9A19103F-16F7-4668-BE54-9A1E7A4F7556}") = "CIS.Tests", "CIS.Tests\CIS.Tests.csproj", "{3F95D20E-14E0-4710-B110-EE1650BCE1EE}"
EndProject
Project("{9A19103F-16F7-4668-BE54-9A1E7A4F7556}") = "CIS.Tests.Integration", "CIS.Tests.Integration\CIS.Tests.Integration.csproj", "{B03593B9-2B4F-408F-9C4D-FEF09A360A07}"
EndProject
Project("{9A19103F-16F7-4668-BE54-9A1E7A4F7556}") = "CIS.Integration", "CIS.Integration\CIS.Integration.csproj", "{688B78A6-447E-4FFD-93F1-712F3DFB525B}"
EndProject
Project("{E53339B2-1760-4266-BCC7-CA923CBCF16C}") = "docker-compose", "docker-compose.dcproj", "{320FFDEB-5F02-4DA6-989A-6CBF1B78A902}"
EndProject
Global
	GlobalSection(SolutionConfigurationPlatforms) = preSolution
		Debug|Any CPU = Debug|Any CPU
		Release|Any CPU = Release|Any CPU
	EndGlobalSection
	GlobalSection(ProjectConfigurationPlatforms) = postSolution
		{0B5B9AB0-8ADA-4522-8B65-4EB4C44BF707}.Debug|Any CPU.ActiveCfg = Debug|Any CPU
		{0B5B9AB0-8ADA-4522-8B65-4EB4C44BF707}.Debug|Any CPU.Build.0 = Debug|Any CPU
		{0B5B9AB0-8ADA-4522-8B65-4EB4C44BF707}.Release|Any CPU.ActiveCfg = Release|Any CPU
		{0B5B9AB0-8ADA-4522-8B65-4EB4C44BF707}.Release|Any CPU.Build.0 = Release|Any CPU
		{5768D037-EE1E-482C-96E9-985A8AE9F6E4}.Debug|Any CPU.ActiveCfg = Debug|Any CPU
		{5768D037-EE1E-482C-96E9-985A8AE9F6E4}.Debug|Any CPU.Build.0 = Debug|Any CPU
		{5768D037-EE1E-482C-96E9-985A8AE9F6E4}.Release|Any CPU.ActiveCfg = Release|Any CPU
		{5768D037-EE1E-482C-96E9-985A8AE9F6E4}.Release|Any CPU.Build.0 = Release|Any CPU
		{3F95D20E-14E0-4710-B110-EE1650BCE1EE}.Debug|Any CPU.ActiveCfg = Debug|Any CPU
		{3F95D20E-14E0-4710-B110-EE1650BCE1EE}.Debug|Any CPU.Build.0 = Debug|Any CPU
		{3F95D20E-14E0-4710-B110-EE1650BCE1EE}.Release|Any CPU.ActiveCfg = Release|Any CPU
		{3F95D20E-14E0-4710-B110-EE1650BCE1EE}.Release|Any CPU.Build.0 = Release|Any CPU
		{B03593B9-2B4F-408F-9C4D-FEF09A360A07}.Debug|Any CPU.ActiveCfg = Debug|Any CPU
		{B03593B9-2B4F-408F-9C4D-FEF09A360A07}.Debug|Any CPU.Build.0 = Debug|Any CPU
		{B03593B9-2B4F-408F-9C4D-FEF09A360A07}.Release|Any CPU.ActiveCfg = Release|Any CPU
		{B03593B9-2B4F-408F-9C4D-FEF09A360A07}.Release|Any CPU.Build.0 = Release|Any CPU
		{688B78A6-447E-4FFD-93F1-712F3DFB525B}.Debug|Any CPU.ActiveCfg = Debug|Any CPU
		{688B78A6-447E-4FFD-93F1-712F3DFB525B}.Debug|Any CPU.Build.0 = Debug|Any CPU
		{688B78A6-447E-4FFD-93F1-712F3DFB525B}.Release|Any CPU.ActiveCfg = Release|Any CPU
		{688B78A6-447E-4FFD-93F1-712F3DFB525B}.Release|Any CPU.Build.0 = Release|Any CPU
		{320FFDEB-5F02-4DA6-989A-6CBF1B78A902}.Debug|Any CPU.ActiveCfg = Debug|Any CPU
		{320FFDEB-5F02-4DA6-989A-6CBF1B78A902}.Debug|Any CPU.Build.0 = Debug|Any CPU
		{320FFDEB-5F02-4DA6-989A-6CBF1B78A902}.Release|Any CPU.ActiveCfg = Release|Any CPU
		{320FFDEB-5F02-4DA6-989A-6CBF1B78A902}.Release|Any CPU.Build.0 = Release|Any CPU
	EndGlobalSection
	GlobalSection(SolutionProperties) = preSolution
		HideSolutionNode = FALSE
	EndGlobalSection
	GlobalSection(ExtensibilityGlobals) = postSolution
		SolutionGuid = {6DE7BFFC-61E9-402D-8D89-53B2FAA5ADDA}
	EndGlobalSection
EndGlobal
